{
    "_readme": [
        "This file locks the dependencies of your project to a known state",
        "Read more about it at https://getcomposer.org/doc/01-basic-usage.md#composer-lock-the-lock-file",
        "This file is @generated automatically"
    ],
    "content-hash": "4c781658ef9c3cb3b98755430b73e9a9",
    "packages": [
        {
            "name": "easyswoole/component",
            "version": "1.1.7",
            "source": {
                "type": "git",
                "url": "https://github.com/easy-swoole/component.git",
                "reference": "a357fbd04ce3a8bf1751826bef61d432db573270"
            },
            "dist": {
                "type": "zip",
                "url": "https://api.github.com/repos/easy-swoole/component/zipball/a357fbd04ce3a8bf1751826bef61d432db573270",
                "reference": "a357fbd04ce3a8bf1751826bef61d432db573270",
                "shasum": "",
                "mirrors": [
                    {
                        "url": "https://dl.laravel-china.org/%package%/%reference%.%type%",
                        "preferred": true
                    }
                ]
            },
            "require": {
                "ext-swoole": "^4.0",
                "php": ">=7.1.0"
            },
            "type": "library",
            "autoload": {
                "psr-4": {
                    "EasySwoole\\Component\\": "src/"
                }
            },
            "notification-url": "https://packagist.org/downloads/",
            "license": [
                "Apache-2.0"
            ],
            "authors": [
                {
                    "name": "YF",
                    "email": "291323003@qq.com"
                }
            ],
            "description": "easyswoole component",
            "homepage": "https://www.easyswoole.com/",
            "keywords": [
                "async",
                "easyswoole",
                "framework",
                "swoole"
            ],
            "time": "2018-10-30T08:59:07+00:00"
        },
        {
            "name": "easyswoole/curl",
            "version": "1.0.0",
            "source": {
                "type": "git",
                "url": "https://github.com/easy-swoole/curl.git",
                "reference": "5b50ea0d68801b1617f8fe6dd6f22a06d831a383"
            },
            "dist": {
                "type": "zip",
                "url": "https://api.github.com/repos/easy-swoole/curl/zipball/5b50ea0d68801b1617f8fe6dd6f22a06d831a383",
                "reference": "5b50ea0d68801b1617f8fe6dd6f22a06d831a383",
                "shasum": "",
                "mirrors": [
                    {
                        "url": "https://dl.laravel-china.org/%package%/%reference%.%type%",
                        "preferred": true
                    }
                ]
            },
            "require": {
                "php": ">=7.1.0"
            },
            "require-dev": {
                "phpunit/phpunit": "^5.6"
            },
            "type": "library",
            "autoload": {
                "psr-4": {
                    "EasySwoole\\Curl\\": "src/"
                }
            },
            "notification-url": "https://packagist.org/downloads/",
            "license": [
                "Apache-2.0"
            ],
            "authors": [
                {
                    "name": "YF",
                    "email": "291323003@qq.com"
                }
            ],
            "description": "An efficient swoole framework",
            "homepage": "https://www.easyswoole.com/",
            "keywords": [
                "async",
                "easyswoole",
                "framework",
                "swoole"
            ],
            "time": "2018-05-25T06:08:22+00:00"
        },
        {
            "name": "easyswoole/easyswoole",
            "version": "3.x-dev",
            "source": {
                "type": "git",
                "url": "https://github.com/easy-swoole/easyswoole.git",
                "reference": "b8f12f69535fe708e3f7cd45f295cea7d9e9fe09"
            },
            "dist": {
                "type": "zip",
                "url": "https://api.github.com/repos/easy-swoole/easyswoole/zipball/b8f12f69535fe708e3f7cd45f295cea7d9e9fe09",
                "reference": "b8f12f69535fe708e3f7cd45f295cea7d9e9fe09",
                "shasum": "",
                "mirrors": [
                    {
                        "url": "https://dl.laravel-china.org/%package%/%reference%.%type%",
                        "preferred": true
                    }
                ]
            },
            "require": {
                "easyswoole/component": "^1.0",
                "easyswoole/http": "^1.0",
                "easyswoole/socket": "^1.0",
                "easyswoole/spl": "^1.0",
                "easyswoole/trace": "^1.0",
                "easyswoole/utility": "^1.0",
                "ext-swoole": ">=4.0.3",
                "jeremeamia/superclosure": "^2.4",
                "php": ">=7.1.0"
            },
            "require-dev": {
                "easyswoole/swoole-ide-helper": "dev-master"
            },
            "bin": [
                "bin/easyswoole.php"
            ],
            "type": "library",
            "autoload": {
                "psr-4": {
                    "EasySwoole\\EasySwoole\\": "src/"
                }
            },
            "notification-url": "https://packagist.org/downloads/",
            "license": [
                "Apache-2.0"
            ],
            "authors": [
                {
                    "name": "YF",
                    "email": "291323003@qq.com"
                }
            ],
            "description": "An efficient swoole framework",
            "homepage": "https://www.easyswoole.com/",
            "keywords": [
                "async",
                "easyswoole",
                "framework",
                "swoole"
            ],
            "time": "2018-10-31T16:14:41+00:00"
        },
        {
            "name": "easyswoole/http",
            "version": "1.1.7",
            "source": {
                "type": "git",
                "url": "https://github.com/easy-swoole/http.git",
                "reference": "10b75099110ca8e0770b3294e3e33bd202b5d8ea"
            },
            "dist": {
                "type": "zip",
                "url": "https://api.github.com/repos/easy-swoole/http/zipball/10b75099110ca8e0770b3294e3e33bd202b5d8ea",
                "reference": "10b75099110ca8e0770b3294e3e33bd202b5d8ea",
                "shasum": "",
                "mirrors": [
                    {
                        "url": "https://dl.laravel-china.org/%package%/%reference%.%type%",
                        "preferred": true
                    }
                ]
            },
            "require": {
                "easyswoole/component": "^1.0",
                "easyswoole/curl": "^1.0",
                "easyswoole/spl": "^1.0",
                "easyswoole/validate": "^1.0",
                "ext-swoole": "^4.0",
                "nikic/fast-route": "^1.3",
                "php": ">=7.1.0"
            },
            "require-dev": {
                "easyswoole/swoole-ide-helper": "dev-master"
            },
            "type": "library",
            "autoload": {
                "psr-4": {
                    "EasySwoole\\Http\\": "src/"
                }
            },
            "notification-url": "https://packagist.org/downloads/",
            "license": [
                "Apache-2.0"
            ],
            "authors": [
                {
                    "name": "YF",
                    "email": "291323003@qq.com"
                }
            ],
            "description": "An efficient swoole framework",
            "homepage": "https://www.easyswoole.com/",
            "keywords": [
                "async",
                "easyswoole",
                "framework",
                "swoole"
            ],
            "time": "2018-10-26T11:33:54+00:00"
        },
        {
            "name": "easyswoole/socket",
            "version": "1.0.9",
            "source": {
                "type": "git",
                "url": "https://github.com/easy-swoole/socket.git",
                "reference": "957c56f98e25e50cbf4b6e43650d9915cd047f24"
            },
            "dist": {
                "type": "zip",
                "url": "https://api.github.com/repos/easy-swoole/socket/zipball/957c56f98e25e50cbf4b6e43650d9915cd047f24",
                "reference": "957c56f98e25e50cbf4b6e43650d9915cd047f24",
                "shasum": "",
                "mirrors": [
                    {
                        "url": "https://dl.laravel-china.org/%package%/%reference%.%type%",
                        "preferred": true
                    }
                ]
            },
            "require": {
                "easyswoole/spl": "^1.0",
                "easyswoole/trace": "^1.1",
                "php": ">=7.1.0"
            },
            "require-dev": {
                "easyswoole/swoole-ide-helper": "dev-master",
                "phpunit/phpunit": "^5.6"
            },
            "type": "library",
            "autoload": {
                "psr-4": {
                    "EasySwoole\\Socket\\": "src/"
                }
            },
            "notification-url": "https://packagist.org/downloads/",
            "license": [
                "Apache-2.0"
            ],
            "authors": [
                {
                    "name": "YF",
                    "email": "291323003@qq.com"
                }
            ],
            "description": "An efficient swoole framework",
            "homepage": "https://www.easyswoole.com/",
            "keywords": [
                "async",
                "easyswoole",
                "framework",
                "swoole"
            ],
            "time": "2018-10-24T05:12:47+00:00"
        },
        {
            "name": "easyswoole/spl",
            "version": "1.0.2",
            "source": {
                "type": "git",
                "url": "https://github.com/easy-swoole/spl.git",
                "reference": "60b7eb1dca59e02b793d71f00cd74496186246ea"
            },
            "dist": {
                "type": "zip",
                "url": "https://api.github.com/repos/easy-swoole/spl/zipball/60b7eb1dca59e02b793d71f00cd74496186246ea",
                "reference": "60b7eb1dca59e02b793d71f00cd74496186246ea",
                "shasum": "",
                "mirrors": [
                    {
                        "url": "https://dl.laravel-china.org/%package%/%reference%.%type%",
                        "preferred": true
                    }
                ]
            },
            "require": {
                "php": ">=7.1.0"
            },
            "type": "library",
            "autoload": {
                "psr-4": {
                    "EasySwoole\\Spl\\": "src/"
                }
            },
            "notification-url": "https://packagist.org/downloads/",
            "license": [
                "Apache-2.0"
            ],
            "authors": [
                {
                    "name": "YF",
                    "email": "291323003@qq.com"
                }
            ],
            "description": "php stander lib",
            "homepage": "https://www.easyswoole.com/",
            "keywords": [
                "async",
                "easyswoole",
                "framework",
                "swoole"
            ],
            "time": "2018-07-01T12:18:00+00:00"
        },
        {
            "name": "easyswoole/trace",
            "version": "1.1.3",
            "source": {
                "type": "git",
                "url": "https://github.com/easy-swoole/trace.git",
                "reference": "60e9c98808b64fc76c371203c5d59e531ee5c4c1"
            },
            "dist": {
                "type": "zip",
                "url": "https://api.github.com/repos/easy-swoole/trace/zipball/60e9c98808b64fc76c371203c5d59e531ee5c4c1",
                "reference": "60e9c98808b64fc76c371203c5d59e531ee5c4c1",
                "shasum": "",
                "mirrors": [
                    {
                        "url": "https://dl.laravel-china.org/%package%/%reference%.%type%",
                        "preferred": true
                    }
                ]
            },
            "require": {
                "php": ">=7.1.0"
            },
            "type": "library",
            "autoload": {
                "psr-4": {
                    "EasySwoole\\Trace\\": "src/"
                }
            },
            "notification-url": "https://packagist.org/downloads/",
            "license": [
                "Apache-2.0"
            ],
            "authors": [
                {
                    "name": "YF",
                    "email": "291323003@qq.com"
                }
            ],
            "description": "An efficient swoole framework",
            "homepage": "https://www.easyswoole.com/",
            "keywords": [
                "async",
                "easyswoole",
                "framework",
                "swoole"
            ],
            "time": "2018-10-27T13:46:21+00:00"
        },
        {
            "name": "easyswoole/utility",
            "version": "1.0.4",
            "source": {
                "type": "git",
                "url": "https://github.com/easy-swoole/utility.git",
                "reference": "652670d1a23d585ba635b675736df01ece7006e3"
            },
            "dist": {
                "type": "zip",
                "url": "https://api.github.com/repos/easy-swoole/utility/zipball/652670d1a23d585ba635b675736df01ece7006e3",
                "reference": "652670d1a23d585ba635b675736df01ece7006e3",
                "shasum": "",
                "mirrors": [
                    {
                        "url": "https://dl.laravel-china.org/%package%/%reference%.%type%",
                        "preferred": true
                    }
                ]
            },
            "require": {
                "php": ">=7.1.0"
            },
            "type": "library",
            "autoload": {
                "psr-4": {
                    "EasySwoole\\Utility\\": "src/"
                }
            },
            "notification-url": "https://packagist.org/downloads/",
            "license": [
                "Apache-2.0"
            ],
            "authors": [
                {
                    "name": "evalor",
                    "email": "mipone@foxmail.com"
                }
            ],
            "description": "easyswoole extension tool library",
            "time": "2018-10-30T10:14:39+00:00"
        },
        {
            "name": "easyswoole/validate",
            "version": "1.0.1",
            "source": {
                "type": "git",
                "url": "https://github.com/easy-swoole/validate.git",
                "reference": "b51bd8d0ab3275d2c39933b128db4672615fb5c4"
            },
            "dist": {
                "type": "zip",
                "url": "https://api.github.com/repos/easy-swoole/validate/zipball/b51bd8d0ab3275d2c39933b128db4672615fb5c4",
                "reference": "b51bd8d0ab3275d2c39933b128db4672615fb5c4",
                "shasum": "",
                "mirrors": [
                    {
                        "url": "https://dl.laravel-china.org/%package%/%reference%.%type%",
                        "preferred": true
                    }
                ]
            },
            "require": {
                "easyswoole/spl": "^1.0",
                "php": ">=7.1.0"
            },
            "type": "library",
            "autoload": {
                "psr-4": {
                    "EasySwoole\\Validate\\": "src/"
                }
            },
            "notification-url": "https://packagist.org/downloads/",
            "license": [
                "Apache-2.0"
            ],
            "authors": [
                {
                    "name": "YF",
                    "email": "291323003@qq.com"
                }
            ],
            "description": "An efficient swoole framework",
            "homepage": "https://www.easyswoole.com/",
            "keywords": [
                "async",
                "easyswoole",
                "framework",
                "swoole"
            ],
            "time": "2018-08-06T03:28:44+00:00"
        },
        {
            "name": "jeremeamia/SuperClosure",
            "version": "2.4.0",
            "source": {
                "type": "git",
                "url": "https://github.com/jeremeamia/super_closure.git",
                "reference": "5707d5821b30b9a07acfb4d76949784aaa0e9ce9"
            },
            "dist": {
                "type": "zip",
                "url": "https://api.github.com/repos/jeremeamia/super_closure/zipball/5707d5821b30b9a07acfb4d76949784aaa0e9ce9",
                "reference": "5707d5821b30b9a07acfb4d76949784aaa0e9ce9",
                "shasum": "",
                "mirrors": [
                    {
                        "url": "https://dl.laravel-china.org/%package%/%reference%.%type%",
                        "preferred": true
                    }
                ]
            },
            "require": {
                "nikic/php-parser": "^1.2|^2.0|^3.0|^4.0",
                "php": ">=5.4",
                "symfony/polyfill-php56": "^1.0"
            },
            "require-dev": {
                "phpunit/phpunit": "^4.0|^5.0"
            },
            "type": "library",
            "extra": {
                "branch-alias": {
                    "dev-master": "2.4-dev"
                }
            },
            "autoload": {
                "psr-4": {
                    "SuperClosure\\": "src/"
                }
            },
            "notification-url": "https://packagist.org/downloads/",
            "license": [
                "MIT"
            ],
            "authors": [
                {
                    "name": "Jeremy Lindblom",
                    "email": "jeremeamia@gmail.com",
                    "homepage": "https://github.com/jeremeamia",
                    "role": "Developer"
                }
            ],
            "description": "Serialize Closure objects, including their context and binding",
            "homepage": "https://github.com/jeremeamia/super_closure",
            "keywords": [
                "closure",
                "function",
                "lambda",
                "parser",
                "serializable",
                "serialize",
                "tokenizer"
            ],
            "time": "2018-03-21T22:21:57+00:00"
        },
        {
            "name": "nikic/fast-route",
            "version": "v1.3.0",
            "source": {
                "type": "git",
                "url": "https://github.com/nikic/FastRoute.git",
                "reference": "181d480e08d9476e61381e04a71b34dc0432e812"
            },
            "dist": {
                "type": "zip",
                "url": "https://api.github.com/repos/nikic/FastRoute/zipball/181d480e08d9476e61381e04a71b34dc0432e812",
                "reference": "181d480e08d9476e61381e04a71b34dc0432e812",
                "shasum": "",
                "mirrors": [
                    {
                        "url": "https://dl.laravel-china.org/%package%/%reference%.%type%",
                        "preferred": true
                    }
                ]
            },
            "require": {
                "php": ">=5.4.0"
            },
            "require-dev": {
                "phpunit/phpunit": "^4.8.35|~5.7"
            },
            "type": "library",
            "autoload": {
                "psr-4": {
                    "FastRoute\\": "src/"
                },
                "files": [
                    "src/functions.php"
                ]
            },
            "notification-url": "https://packagist.org/downloads/",
            "license": [
                "BSD-3-Clause"
            ],
            "authors": [
                {
                    "name": "Nikita Popov",
                    "email": "nikic@php.net"
                }
            ],
            "description": "Fast request router for PHP",
            "keywords": [
                "router",
                "routing"
            ],
            "time": "2018-02-13T20:26:39+00:00"
        },
        {
            "name": "nikic/php-parser",
            "version": "v4.1.0",
            "source": {
                "type": "git",
                "url": "https://github.com/nikic/PHP-Parser.git",
                "reference": "d0230c5c77a7e3cfa69446febf340978540958c0"
            },
            "dist": {
                "type": "zip",
                "url": "https://api.github.com/repos/nikic/PHP-Parser/zipball/d0230c5c77a7e3cfa69446febf340978540958c0",
                "reference": "d0230c5c77a7e3cfa69446febf340978540958c0",
                "shasum": "",
                "mirrors": [
                    {
                        "url": "https://dl.laravel-china.org/%package%/%reference%.%type%",
                        "preferred": true
                    }
                ]
            },
            "require": {
                "ext-tokenizer": "*",
                "php": ">=7.0"
            },
            "require-dev": {
                "phpunit/phpunit": "^6.5 || ^7.0"
            },
            "bin": [
                "bin/php-parse"
            ],
            "type": "library",
            "extra": {
                "branch-alias": {
                    "dev-master": "4.1-dev"
                }
            },
            "autoload": {
                "psr-4": {
                    "PhpParser\\": "lib/PhpParser"
                }
            },
            "notification-url": "https://packagist.org/downloads/",
            "license": [
                "BSD-3-Clause"
            ],
            "authors": [
                {
                    "name": "Nikita Popov"
                }
            ],
            "description": "A PHP parser written in PHP",
            "keywords": [
                "parser",
                "php"
            ],
            "time": "2018-10-10T09:24:14+00:00"
        },
        {
            "name": "symfony/polyfill-php56",
            "version": "v1.10.0",
            "source": {
                "type": "git",
                "url": "https://github.com/symfony/polyfill-php56.git",
                "reference": "ff208829fe1aa48ab9af356992bb7199fed551af"
            },
            "dist": {
                "type": "zip",
                "url": "https://api.github.com/repos/symfony/polyfill-php56/zipball/ff208829fe1aa48ab9af356992bb7199fed551af",
                "reference": "ff208829fe1aa48ab9af356992bb7199fed551af",
                "shasum": "",
                "mirrors": [
                    {
                        "url": "https://dl.laravel-china.org/%package%/%reference%.%type%",
                        "preferred": true
                    }
                ]
            },
            "require": {
                "php": ">=5.3.3",
                "symfony/polyfill-util": "~1.0"
            },
            "type": "library",
            "extra": {
                "branch-alias": {
                    "dev-master": "1.9-dev"
                }
            },
            "autoload": {
                "psr-4": {
                    "Symfony\\Polyfill\\Php56\\": ""
                },
                "files": [
                    "bootstrap.php"
                ]
            },
            "notification-url": "https://packagist.org/downloads/",
            "license": [
                "MIT"
            ],
            "authors": [
                {
                    "name": "Nicolas Grekas",
                    "email": "p@tchwork.com"
                },
                {
                    "name": "Symfony Community",
                    "homepage": "https://symfony.com/contributors"
                }
            ],
            "description": "Symfony polyfill backporting some PHP 5.6+ features to lower PHP versions",
            "homepage": "https://symfony.com",
            "keywords": [
                "compatibility",
                "polyfill",
                "portable",
                "shim"
            ],
            "time": "2018-09-21T06:26:08+00:00"
        },
        {
            "name": "symfony/polyfill-util",
            "version": "v1.10.0",
            "source": {
                "type": "git",
                "url": "https://github.com/symfony/polyfill-util.git",
                "reference": "3b58903eae668d348a7126f999b0da0f2f93611c"
            },
            "dist": {
                "type": "zip",
                "url": "https://api.github.com/repos/symfony/polyfill-util/zipball/3b58903eae668d348a7126f999b0da0f2f93611c",
                "reference": "3b58903eae668d348a7126f999b0da0f2f93611c",
                "shasum": "",
                "mirrors": [
                    {
                        "url": "https://dl.laravel-china.org/%package%/%reference%.%type%",
                        "preferred": true
                    }
                ]
            },
            "require": {
                "php": ">=5.3.3"
            },
            "type": "library",
            "extra": {
                "branch-alias": {
                    "dev-master": "1.9-dev"
                }
            },
            "autoload": {
                "psr-4": {
                    "Symfony\\Polyfill\\Util\\": ""
                }
            },
            "notification-url": "https://packagist.org/downloads/",
            "license": [
                "MIT"
            ],
            "authors": [
                {
                    "name": "Nicolas Grekas",
                    "email": "p@tchwork.com"
                },
                {
                    "name": "Symfony Community",
                    "homepage": "https://symfony.com/contributors"
                }
            ],
            "description": "Symfony utilities for portability of PHP codes",
            "homepage": "https://symfony.com",
            "keywords": [
                "compat",
                "compatibility",
                "polyfill",
                "shim"
            ],
            "time": "2018-09-30T16:36:12+00:00"
        }
    ],
    "packages-dev": [],
    "aliases": [],
    "minimum-stability": "stable",
    "stability-flags": {
        "easyswoole/easyswoole": 20
    },
    "prefer-stable": false,
    "prefer-lowest": false,
    "platform": [],
    "platform-dev": []
}
