{
    "_readme": [
        "This file locks the dependencies of your project to a known state",
        "Read more about it at https://getcomposer.org/doc/01-basic-usage.md#composer-lock-the-lock-file",
        "This file is @generated automatically"
    ],
    "content-hash": "0c5e3993b70abe090d164e9995d6bde6",
    "packages": [
        {
            "name": "dragonmantank/cron-expression",
            "version": "v2.2.0",
            "source": {
                "type": "git",
                "url": "https://github.com/dragonmantank/cron-expression.git",
                "reference": "92a2c3768d50e21a1f26a53cb795ce72806266c5"
            },
            "dist": {
                "type": "zip",
                "url": "https://api.github.com/repos/dragonmantank/cron-expression/zipball/92a2c3768d50e21a1f26a53cb795ce72806266c5",
                "reference": "92a2c3768d50e21a1f26a53cb795ce72806266c5",
                "shasum": "",
                "mirrors": [
                    {
                        "url": "https://dl.laravel-china.org/%package%/%reference%.%type%",
                        "preferred": true
                    }
                ]
            },
            "require": {
                "php": ">=7.0.0"
            },
            "require-dev": {
                "phpunit/phpunit": "~6.4"
            },
            "type": "library",
            "autoload": {
                "psr-4": {
                    "Cron\\": "src/Cron/"
                }
            },
            "notification-url": "https://packagist.org/downloads/",
            "license": [
                "MIT"
            ],
            "authors": [
                {
                    "name": "Michael Dowling",
                    "email": "mtdowling@gmail.com",
                    "homepage": "https://github.com/mtdowling"
                },
                {
                    "name": "Chris Tankersley",
                    "email": "chris@ctankersley.com",
                    "homepage": "https://github.com/dragonmantank"
                }
            ],
            "description": "CRON for PHP: Calculate the next or previous run date and determine if a CRON expression is due",
            "keywords": [
                "cron",
                "schedule"
            ],
            "time": "2018-06-06T03:12:17+00:00"
        },
        {
            "name": "easyswoole/component",
            "version": "1.1.8",
            "source": {
                "type": "git",
                "url": "https://github.com/easy-swoole/component.git",
                "reference": "a54f893469ca39f96ef81b3e1b0acc8f5e9fd20d"
            },
            "dist": {
                "type": "zip",
                "url": "https://api.github.com/repos/easy-swoole/component/zipball/a54f893469ca39f96ef81b3e1b0acc8f5e9fd20d",
                "reference": "a54f893469ca39f96ef81b3e1b0acc8f5e9fd20d",
                "shasum": "",
                "mirrors": [
                    {
                        "url": "https://dl.laravel-china.org/%package%/%reference%.%type%",
                        "preferred": true
                    }
                ]
            },
            "require": {
                "ext-swoole": "^4.0",
                "php": ">=7.1.0"
            },
            "type": "library",
            "autoload": {
                "psr-4": {
                    "EasySwoole\\Component\\": "src/"
                }
            },
            "notification-url": "https://packagist.org/downloads/",
            "license": [
                "Apache-2.0"
            ],
            "authors": [
                {
                    "name": "YF",
                    "email": "291323003@qq.com"
                }
            ],
            "description": "easyswoole component",
            "homepage": "https://www.easyswoole.com/",
            "keywords": [
                "async",
                "easyswoole",
                "framework",
                "swoole"
            ],
            "time": "2018-11-06T15:09:36+00:00"
        },
        {
            "name": "easyswoole/curl",
            "version": "1.0.0",
            "source": {
                "type": "git",
                "url": "https://github.com/easy-swoole/curl.git",
                "reference": "5b50ea0d68801b1617f8fe6dd6f22a06d831a383"
            },
            "dist": {
                "type": "zip",
                "url": "https://api.github.com/repos/easy-swoole/curl/zipball/5b50ea0d68801b1617f8fe6dd6f22a06d831a383",
                "reference": "5b50ea0d68801b1617f8fe6dd6f22a06d831a383",
                "shasum": "",
                "mirrors": [
                    {
                        "url": "https://dl.laravel-china.org/%package%/%reference%.%type%",
                        "preferred": true
                    }
                ]
            },
            "require": {
                "php": ">=7.1.0"
            },
            "require-dev": {
                "phpunit/phpunit": "^5.6"
            },
            "type": "library",
            "autoload": {
                "psr-4": {
                    "EasySwoole\\Curl\\": "src/"
                }
            },
            "notification-url": "https://packagist.org/downloads/",
            "license": [
                "Apache-2.0"
            ],
            "authors": [
                {
                    "name": "YF",
                    "email": "291323003@qq.com"
                }
            ],
            "description": "An efficient swoole framework",
            "homepage": "https://www.easyswoole.com/",
            "keywords": [
                "async",
                "easyswoole",
                "framework",
                "swoole"
            ],
            "time": "2018-05-25T06:08:22+00:00"
        },
        {
            "name": "easyswoole/easyswoole",
            "version": "3.x-dev",
            "source": {
                "type": "git",
                "url": "https://github.com/easy-swoole/easyswoole.git",
                "reference": "5cac8158e53332758d731c62e5022d5faa53d39c"
            },
            "dist": {
                "type": "zip",
                "url": "https://api.github.com/repos/easy-swoole/easyswoole/zipball/5cac8158e53332758d731c62e5022d5faa53d39c",
                "reference": "5cac8158e53332758d731c62e5022d5faa53d39c",
                "shasum": "",
                "mirrors": [
                    {
                        "url": "https://dl.laravel-china.org/%package%/%reference%.%type%",
                        "preferred": true
                    }
                ]
            },
            "require": {
                "dragonmantank/cron-expression": "^2.2",
                "easyswoole/component": "^1.0",
                "easyswoole/http": "^1.0",
                "easyswoole/socket": "^1.0",
                "easyswoole/spl": "^1.0",
                "easyswoole/trace": "^1.0",
                "easyswoole/utility": "^1.0",
                "ext-swoole": ">=4.0.3",
                "jeremeamia/superclosure": "^2.4",
                "php": ">=7.1.0"
            },
            "require-dev": {
                "easyswoole/swoole-ide-helper": "dev-master"
            },
            "bin": [
                "bin/easyswoole.php"
            ],
            "type": "library",
            "autoload": {
                "psr-4": {
                    "EasySwoole\\EasySwoole\\": "src/"
                }
            },
            "notification-url": "https://packagist.org/downloads/",
            "license": [
                "Apache-2.0"
            ],
            "authors": [
                {
                    "name": "YF",
                    "email": "291323003@qq.com"
                }
            ],
            "description": "An efficient swoole framework",
            "homepage": "https://www.easyswoole.com/",
            "keywords": [
                "async",
                "easyswoole",
                "framework",
                "swoole"
            ],
            "time": "2018-11-07T05:21:36+00:00"
        },
        {
            "name": "easyswoole/http",
            "version": "1.1.9",
            "source": {
                "type": "git",
                "url": "https://github.com/easy-swoole/http.git",
                "reference": "f15453b0c7eede0fe62587f1aad23f6c3539f14b"
            },
            "dist": {
                "type": "zip",
                "url": "https://api.github.com/repos/easy-swoole/http/zipball/f15453b0c7eede0fe62587f1aad23f6c3539f14b",
                "reference": "f15453b0c7eede0fe62587f1aad23f6c3539f14b",
                "shasum": "",
                "mirrors": [
                    {
                        "url": "https://dl.laravel-china.org/%package%/%reference%.%type%",
                        "preferred": true
                    }
                ]
            },
            "require": {
                "easyswoole/component": "^1.0",
                "easyswoole/curl": "^1.0",
                "easyswoole/spl": "^1.0",
                "easyswoole/validate": "^1.0",
                "ext-swoole": "^4.0",
                "nikic/fast-route": "^1.3",
                "php": ">=7.1.0"
            },
            "require-dev": {
                "easyswoole/swoole-ide-helper": "dev-master"
            },
            "type": "library",
            "autoload": {
                "psr-4": {
                    "EasySwoole\\Http\\": "src/"
                }
            },
            "notification-url": "https://packagist.org/downloads/",
            "license": [
                "Apache-2.0"
            ],
            "authors": [
                {
                    "name": "YF",
                    "email": "291323003@qq.com"
                }
            ],
            "description": "An efficient swoole framework",
            "homepage": "https://www.easyswoole.com/",
            "keywords": [
                "async",
                "easyswoole",
                "framework",
                "swoole"
            ],
            "time": "2018-11-07T02:46:02+00:00"
        },
        {
            "name": "easyswoole/mysqli",
            "version": "1.0.5",
            "source": {
                "type": "git",
                "url": "https://github.com/easy-swoole/mysqli.git",
                "reference": "1fdd70cd745ed19c08257eacdfa190b8055d2942"
            },
            "dist": {
                "type": "zip",
                "url": "https://api.github.com/repos/easy-swoole/mysqli/zipball/1fdd70cd745ed19c08257eacdfa190b8055d2942",
                "reference": "1fdd70cd745ed19c08257eacdfa190b8055d2942",
                "shasum": "",
                "mirrors": [
                    {
                        "url": "https://dl.laravel-china.org/%package%/%reference%.%type%",
                        "preferred": true
                    }
                ]
            },
            "require": {
                "easyswoole/spl": "^1.0"
            },
            "require-dev": {
                "easyswoole/swoole-ide-helper": "dev-master"
            },
            "type": "library",
            "autoload": {
                "psr-4": {
                    "EasySwoole\\Mysqli\\": "src/"
                }
            },
            "notification-url": "https://packagist.org/downloads/",
            "license": [
                "Apache-2.0"
            ],
            "authors": [
                {
                    "name": "YF",
                    "email": "291323003@qq.com"
                }
            ],
            "description": "An efficient swoole framework",
            "homepage": "https://www.easyswoole.com/",
            "keywords": [
                "async",
                "easyswoole",
                "framework",
                "swoole"
            ],
            "time": "2018-10-31T09:37:02+00:00"
        },
        {
            "name": "easyswoole/rpc",
            "version": "1.0.8",
            "source": {
                "type": "git",
                "url": "https://github.com/easy-swoole/rpc.git",
                "reference": "43c973350100af272e7ebdb0743c03058cc62f0a"
            },
            "dist": {
                "type": "zip",
                "url": "https://api.github.com/repos/easy-swoole/rpc/zipball/43c973350100af272e7ebdb0743c03058cc62f0a",
                "reference": "43c973350100af272e7ebdb0743c03058cc62f0a",
                "shasum": "",
                "mirrors": [
                    {
                        "url": "https://dl.laravel-china.org/%package%/%reference%.%type%",
                        "preferred": true
                    }
                ]
            },
            "require": {
                "easyswoole/component": "^1.0",
                "easyswoole/spl": "^1.0",
                "easyswoole/trace": "^1.0",
                "easyswoole/utility": "^1.0",
                "ext-swoole": ">=4.0.3",
                "php": ">=7.1.0"
            },
            "require-dev": {
                "easyswoole/swoole-ide-helper": "dev-master"
            },
            "type": "library",
            "autoload": {
                "psr-4": {
                    "EasySwoole\\Rpc\\": "src/"
                }
            },
            "notification-url": "https://packagist.org/downloads/",
            "license": [
                "Apache-2.0"
            ],
            "authors": [
                {
                    "name": "YF",
                    "email": "291323003@qq.com"
                }
            ],
            "description": "An efficient swoole framework",
            "homepage": "https://www.easyswoole.com/",
            "keywords": [
                "async",
                "easyswoole",
                "framework",
                "swoole"
            ],
            "time": "2018-10-11T03:25:20+00:00"
        },
        {
            "name": "easyswoole/socket",
            "version": "1.1.0",
            "source": {
                "type": "git",
                "url": "https://github.com/easy-swoole/socket.git",
                "reference": "6b094143e2c48fb28b885102dcfe498bb1f775a8"
            },
            "dist": {
                "type": "zip",
                "url": "https://api.github.com/repos/easy-swoole/socket/zipball/6b094143e2c48fb28b885102dcfe498bb1f775a8",
                "reference": "6b094143e2c48fb28b885102dcfe498bb1f775a8",
                "shasum": "",
                "mirrors": [
                    {
                        "url": "https://dl.laravel-china.org/%package%/%reference%.%type%",
                        "preferred": true
                    }
                ]
            },
            "require": {
                "easyswoole/spl": "^1.0",
                "easyswoole/trace": "^1.1",
                "php": ">=7.1.0"
            },
            "require-dev": {
                "easyswoole/swoole-ide-helper": "dev-master",
                "phpunit/phpunit": "^5.6"
            },
            "type": "library",
            "autoload": {
                "psr-4": {
                    "EasySwoole\\Socket\\": "src/"
                }
            },
            "notification-url": "https://packagist.org/downloads/",
            "license": [
                "Apache-2.0"
            ],
            "authors": [
                {
                    "name": "YF",
                    "email": "291323003@qq.com"
                }
            ],
            "description": "An efficient swoole framework",
            "homepage": "https://www.easyswoole.com/",
            "keywords": [
                "async",
                "easyswoole",
                "framework",
                "swoole"
            ],
            "time": "2018-11-02T13:16:47+00:00"
        },
        {
            "name": "easyswoole/spl",
            "version": "1.0.2",
            "source": {
                "type": "git",
                "url": "https://github.com/easy-swoole/spl.git",
                "reference": "60b7eb1dca59e02b793d71f00cd74496186246ea"
            },
            "dist": {
                "type": "zip",
                "url": "https://api.github.com/repos/easy-swoole/spl/zipball/60b7eb1dca59e02b793d71f00cd74496186246ea",
                "reference": "60b7eb1dca59e02b793d71f00cd74496186246ea",
                "shasum": "",
                "mirrors": [
                    {
                        "url": "https://dl.laravel-china.org/%package%/%reference%.%type%",
                        "preferred": true
                    }
                ]
            },
            "require": {
                "php": ">=7.1.0"
            },
            "type": "library",
            "autoload": {
                "psr-4": {
                    "EasySwoole\\Spl\\": "src/"
                }
            },
            "notification-url": "https://packagist.org/downloads/",
            "license": [
                "Apache-2.0"
            ],
            "authors": [
                {
                    "name": "YF",
                    "email": "291323003@qq.com"
                }
            ],
            "description": "php stander lib",
            "homepage": "https://www.easyswoole.com/",
            "keywords": [
                "async",
                "easyswoole",
                "framework",
                "swoole"
            ],
            "time": "2018-07-01T12:18:00+00:00"
        },
        {
            "name": "easyswoole/trace",
            "version": "1.1.5",
            "source": {
                "type": "git",
                "url": "https://github.com/easy-swoole/trace.git",
                "reference": "e2487aef9fd8da345792a792574a991336c77a71"
            },
            "dist": {
                "type": "zip",
                "url": "https://api.github.com/repos/easy-swoole/trace/zipball/e2487aef9fd8da345792a792574a991336c77a71",
                "reference": "e2487aef9fd8da345792a792574a991336c77a71",
                "shasum": "",
                "mirrors": [
                    {
                        "url": "https://dl.laravel-china.org/%package%/%reference%.%type%",
                        "preferred": true
                    }
                ]
            },
            "require": {
                "php": ">=7.1.0"
            },
            "type": "library",
            "autoload": {
                "psr-4": {
                    "EasySwoole\\Trace\\": "src/"
                }
            },
            "notification-url": "https://packagist.org/downloads/",
            "license": [
                "Apache-2.0"
            ],
            "authors": [
                {
                    "name": "YF",
                    "email": "291323003@qq.com"
                }
            ],
            "description": "An efficient swoole framework",
            "homepage": "https://www.easyswoole.com/",
            "keywords": [
                "async",
                "easyswoole",
                "framework",
                "swoole"
            ],
            "time": "2018-11-07T03:21:39+00:00"
        },
        {
            "name": "easyswoole/utility",
            "version": "1.0.4",
            "source": {
                "type": "git",
                "url": "https://github.com/easy-swoole/utility.git",
                "reference": "652670d1a23d585ba635b675736df01ece7006e3"
            },
            "dist": {
                "type": "zip",
                "url": "https://api.github.com/repos/easy-swoole/utility/zipball/652670d1a23d585ba635b675736df01ece7006e3",
                "reference": "652670d1a23d585ba635b675736df01ece7006e3",
                "shasum": "",
                "mirrors": [
                    {
                        "url": "https://dl.laravel-china.org/%package%/%reference%.%type%",
                        "preferred": true
                    }
                ]
            },
            "require": {
                "php": ">=7.1.0"
            },
            "type": "library",
            "autoload": {
                "psr-4": {
                    "EasySwoole\\Utility\\": "src/"
                }
            },
            "notification-url": "https://packagist.org/downloads/",
            "license": [
                "Apache-2.0"
            ],
            "authors": [
                {
                    "name": "evalor",
                    "email": "mipone@foxmail.com"
                }
            ],
            "description": "easyswoole extension tool library",
            "time": "2018-10-30T10:14:39+00:00"
        },
        {
            "name": "easyswoole/validate",
            "version": "1.0.1",
            "source": {
                "type": "git",
                "url": "https://github.com/easy-swoole/validate.git",
                "reference": "b51bd8d0ab3275d2c39933b128db4672615fb5c4"
            },
            "dist": {
                "type": "zip",
                "url": "https://api.github.com/repos/easy-swoole/validate/zipball/b51bd8d0ab3275d2c39933b128db4672615fb5c4",
                "reference": "b51bd8d0ab3275d2c39933b128db4672615fb5c4",
                "shasum": "",
                "mirrors": [
                    {
                        "url": "https://dl.laravel-china.org/%package%/%reference%.%type%",
                        "preferred": true
                    }
                ]
            },
            "require": {
                "easyswoole/spl": "^1.0",
                "php": ">=7.1.0"
            },
            "type": "library",
            "autoload": {
                "psr-4": {
                    "EasySwoole\\Validate\\": "src/"
                }
            },
            "notification-url": "https://packagist.org/downloads/",
            "license": [
                "Apache-2.0"
            ],
            "authors": [
                {
                    "name": "YF",
                    "email": "291323003@qq.com"
                }
            ],
            "description": "An efficient swoole framework",
            "homepage": "https://www.easyswoole.com/",
            "keywords": [
                "async",
                "easyswoole",
                "framework",
                "swoole"
            ],
            "time": "2018-08-06T03:28:44+00:00"
        },
        {
            "name": "jeremeamia/SuperClosure",
            "version": "2.4.0",
            "source": {
                "type": "git",
                "url": "https://github.com/jeremeamia/super_closure.git",
                "reference": "5707d5821b30b9a07acfb4d76949784aaa0e9ce9"
            },
            "dist": {
                "type": "zip",
                "url": "https://api.github.com/repos/jeremeamia/super_closure/zipball/5707d5821b30b9a07acfb4d76949784aaa0e9ce9",
                "reference": "5707d5821b30b9a07acfb4d76949784aaa0e9ce9",
                "shasum": "",
                "mirrors": [
                    {
                        "url": "https://dl.laravel-china.org/%package%/%reference%.%type%",
                        "preferred": true
                    }
                ]
            },
            "require": {
                "nikic/php-parser": "^1.2|^2.0|^3.0|^4.0",
                "php": ">=5.4",
                "symfony/polyfill-php56": "^1.0"
            },
            "require-dev": {
                "phpunit/phpunit": "^4.0|^5.0"
            },
            "type": "library",
            "extra": {
                "branch-alias": {
                    "dev-master": "2.4-dev"
                }
            },
            "autoload": {
                "psr-4": {
                    "SuperClosure\\": "src/"
                }
            },
            "notification-url": "https://packagist.org/downloads/",
            "license": [
                "MIT"
            ],
            "authors": [
                {
                    "name": "Jeremy Lindblom",
                    "email": "jeremeamia@gmail.com",
                    "homepage": "https://github.com/jeremeamia",
                    "role": "Developer"
                }
            ],
            "description": "Serialize Closure objects, including their context and binding",
            "homepage": "https://github.com/jeremeamia/super_closure",
            "keywords": [
                "closure",
                "function",
                "lambda",
                "parser",
                "serializable",
                "serialize",
                "tokenizer"
            ],
            "time": "2018-03-21T22:21:57+00:00"
        },
        {
            "name": "nikic/fast-route",
            "version": "v1.3.0",
            "source": {
                "type": "git",
                "url": "https://github.com/nikic/FastRoute.git",
                "reference": "181d480e08d9476e61381e04a71b34dc0432e812"
            },
            "dist": {
                "type": "zip",
                "url": "https://api.github.com/repos/nikic/FastRoute/zipball/181d480e08d9476e61381e04a71b34dc0432e812",
                "reference": "181d480e08d9476e61381e04a71b34dc0432e812",
                "shasum": "",
                "mirrors": [
                    {
                        "url": "https://dl.laravel-china.org/%package%/%reference%.%type%",
                        "preferred": true
                    }
                ]
            },
            "require": {
                "php": ">=5.4.0"
            },
            "require-dev": {
                "phpunit/phpunit": "^4.8.35|~5.7"
            },
            "type": "library",
            "autoload": {
                "psr-4": {
                    "FastRoute\\": "src/"
                },
                "files": [
                    "src/functions.php"
                ]
            },
            "notification-url": "https://packagist.org/downloads/",
            "license": [
                "BSD-3-Clause"
            ],
            "authors": [
                {
                    "name": "Nikita Popov",
                    "email": "nikic@php.net"
                }
            ],
            "description": "Fast request router for PHP",
            "keywords": [
                "router",
                "routing"
            ],
            "time": "2018-02-13T20:26:39+00:00"
        },
        {
            "name": "nikic/php-parser",
            "version": "v4.1.0",
            "source": {
                "type": "git",
                "url": "https://github.com/nikic/PHP-Parser.git",
                "reference": "d0230c5c77a7e3cfa69446febf340978540958c0"
            },
            "dist": {
                "type": "zip",
                "url": "https://api.github.com/repos/nikic/PHP-Parser/zipball/d0230c5c77a7e3cfa69446febf340978540958c0",
                "reference": "d0230c5c77a7e3cfa69446febf340978540958c0",
                "shasum": "",
                "mirrors": [
                    {
                        "url": "https://dl.laravel-china.org/%package%/%reference%.%type%",
                        "preferred": true
                    }
                ]
            },
            "require": {
                "ext-tokenizer": "*",
                "php": ">=7.0"
            },
            "require-dev": {
                "phpunit/phpunit": "^6.5 || ^7.0"
            },
            "bin": [
                "bin/php-parse"
            ],
            "type": "library",
            "extra": {
                "branch-alias": {
                    "dev-master": "4.1-dev"
                }
            },
            "autoload": {
                "psr-4": {
                    "PhpParser\\": "lib/PhpParser"
                }
            },
            "notification-url": "https://packagist.org/downloads/",
            "license": [
                "BSD-3-Clause"
            ],
            "authors": [
                {
                    "name": "Nikita Popov"
                }
            ],
            "description": "A PHP parser written in PHP",
            "keywords": [
                "parser",
                "php"
            ],
            "time": "2018-10-10T09:24:14+00:00"
        },
        {
            "name": "symfony/polyfill-php56",
            "version": "v1.10.0",
            "source": {
                "type": "git",
                "url": "https://github.com/symfony/polyfill-php56.git",
                "reference": "ff208829fe1aa48ab9af356992bb7199fed551af"
            },
            "dist": {
                "type": "zip",
                "url": "https://api.github.com/repos/symfony/polyfill-php56/zipball/ff208829fe1aa48ab9af356992bb7199fed551af",
                "reference": "ff208829fe1aa48ab9af356992bb7199fed551af",
                "shasum": "",
                "mirrors": [
                    {
                        "url": "https://dl.laravel-china.org/%package%/%reference%.%type%",
                        "preferred": true
                    }
                ]
            },
            "require": {
                "php": ">=5.3.3",
                "symfony/polyfill-util": "~1.0"
            },
            "type": "library",
            "extra": {
                "branch-alias": {
                    "dev-master": "1.9-dev"
                }
            },
            "autoload": {
                "psr-4": {
                    "Symfony\\Polyfill\\Php56\\": ""
                },
                "files": [
                    "bootstrap.php"
                ]
            },
            "notification-url": "https://packagist.org/downloads/",
            "license": [
                "MIT"
            ],
            "authors": [
                {
                    "name": "Nicolas Grekas",
                    "email": "p@tchwork.com"
                },
                {
                    "name": "Symfony Community",
                    "homepage": "https://symfony.com/contributors"
                }
            ],
            "description": "Symfony polyfill backporting some PHP 5.6+ features to lower PHP versions",
            "homepage": "https://symfony.com",
            "keywords": [
                "compatibility",
                "polyfill",
                "portable",
                "shim"
            ],
            "time": "2018-09-21T06:26:08+00:00"
        },
        {
            "name": "symfony/polyfill-util",
            "version": "v1.10.0",
            "source": {
                "type": "git",
                "url": "https://github.com/symfony/polyfill-util.git",
                "reference": "3b58903eae668d348a7126f999b0da0f2f93611c"
            },
            "dist": {
                "type": "zip",
                "url": "https://api.github.com/repos/symfony/polyfill-util/zipball/3b58903eae668d348a7126f999b0da0f2f93611c",
                "reference": "3b58903eae668d348a7126f999b0da0f2f93611c",
                "shasum": "",
                "mirrors": [
                    {
                        "url": "https://dl.laravel-china.org/%package%/%reference%.%type%",
                        "preferred": true
                    }
                ]
            },
            "require": {
                "php": ">=5.3.3"
            },
            "type": "library",
            "extra": {
                "branch-alias": {
                    "dev-master": "1.9-dev"
                }
            },
            "autoload": {
                "psr-4": {
                    "Symfony\\Polyfill\\Util\\": ""
                }
            },
            "notification-url": "https://packagist.org/downloads/",
            "license": [
                "MIT"
            ],
            "authors": [
                {
                    "name": "Nicolas Grekas",
                    "email": "p@tchwork.com"
                },
                {
                    "name": "Symfony Community",
                    "homepage": "https://symfony.com/contributors"
                }
            ],
            "description": "Symfony utilities for portability of PHP codes",
            "homepage": "https://symfony.com",
            "keywords": [
                "compat",
                "compatibility",
                "polyfill",
                "shim"
            ],
            "time": "2018-09-30T16:36:12+00:00"
        }
    ],
    "packages-dev": [
        {
            "name": "eaglewu/swoole-ide-helper",
            "version": "dev-master",
            "source": {
                "type": "git",
                "url": "https://github.com/wudi/swoole-ide-helper.git",
                "reference": "d5ba04bca84302713dc4ae288dcdf11febb82d35"
            },
            "dist": {
                "type": "zip",
                "url": "https://api.github.com/repos/wudi/swoole-ide-helper/zipball/d5ba04bca84302713dc4ae288dcdf11febb82d35",
                "reference": "d5ba04bca84302713dc4ae288dcdf11febb82d35",
                "shasum": "",
                "mirrors": [
                    {
                        "url": "https://dl.laravel-china.org/%package%/%reference%.%type%",
                        "preferred": true
                    }
                ]
            },
            "type": "library",
            "notification-url": "https://packagist.org/downloads/",
            "license": [
                "MIT"
            ],
            "authors": [
                {
                    "name": "eagle",
                    "email": "eaglewudi@gmail.com",
                    "role": "lead"
                }
            ],
            "description": "Swoole IDE Helper, to improve auto-completion",
            "keywords": [
                "autocomplete",
                "codeintel",
                "helper",
                "ide",
                "netbeans",
                "phpdoc",
                "phpstorm",
                "sublime",
                "swoole"
            ],
            "time": "2018-10-25T04:44:48+00:00"
        }
    ],
    "aliases": [],
    "minimum-stability": "stable",
    "stability-flags": {
        "easyswoole/easyswoole": 20,
        "eaglewu/swoole-ide-helper": 20
    },
    "prefer-stable": false,
    "prefer-lowest": false,
    "platform": [],
    "platform-dev": []
}
